
Microsoft Visual Studio Solution File, Format Version 12.00
# Visual Studio Version 16
VisualStudioVersion = 16.0.32630.194
MinimumVisualStudioVersion = 10.0.40219.1
Project("{FAE04EC0-301F-11D3-BF4B-00C04F79EFBC}") = "YoutubeDownloader", "YoutubeDownloader\YoutubeDownloader.csproj", "{DBFA883A-2A66-419D-941F-AE20540A7E88}"
EndProject
Global
	GlobalSection(SolutionConfigurationPlatforms) = preSolution
		Debug|Any CPU = Debug|Any CPU
		Release|Any CPU = Release|Any CPU
	EndGlobalSection
	GlobalSection(ProjectConfigurationPlatforms) = postSolution
		{DBFA883A-2A66-419D-941F-AE20540A7E88}.Debug|Any CPU.ActiveCfg = Debug|Any CPU
		{DBFA883A-2A66-419D-941F-AE20540A7E88}.Debug|Any CPU.Build.0 = Debug|Any CPU
		{DBFA883A-2A66-419D-941F-AE20540A7E88}.Release|Any CPU.ActiveCfg = Release|Any CPU
		{DBFA883A-2A66-419D-941F-AE20540A7E88}.Release|Any CPU.Build.0 = Release|Any CPU
	EndGlobalSection
	GlobalSection(SolutionProperties) = preSolution
		HideSolutionNode = FALSE
	EndGlobalSection
	GlobalSection(ExtensibilityGlobals) = postSolution
		SolutionGuid = {8E7B0735-4A24-4AC0-8A88-01B17E63AC78}
	EndGlobalSection
EndGlobal
